
Microsoft Visual Studio Solution File, Format Version 12.00
# Visual Studio Version 17
VisualStudioVersion = 17.9.34607.119
MinimumVisualStudioVersion = 10.0.40219.1
Project("{FAE04EC0-301F-11D3-BF4B-00C04F79EFBC}") = "MinimalApi", "MinimalApi\MinimalApi.csproj", "{2782AA41-C0F1-497E-9DD8-6F080B90A86E}"
EndProject
Global
	GlobalSection(SolutionConfigurationPlatforms) = preSolution
		Debug|Any CPU = Debug|Any CPU
		Release|Any CPU = Release|Any CPU
	EndGlobalSection
	GlobalSection(ProjectConfigurationPlatforms) = postSolution
		{2782AA41-C0F1-497E-9DD8-6F080B90A86E}.Debug|Any CPU.ActiveCfg = Debug|Any CPU
		{2782AA41-C0F1-497E-9DD8-6F080B90A86E}.Debug|Any CPU.Build.0 = Debug|Any CPU
		{2782AA41-C0F1-497E-9DD8-6F080B90A86E}.Release|Any CPU.ActiveCfg = Release|Any CPU
		{2782AA41-C0F1-497E-9DD8-6F080B90A86E}.Release|Any CPU.Build.0 = Release|Any CPU
	EndGlobalSection
	GlobalSection(SolutionProperties) = preSolution
		HideSolutionNode = FALSE
	EndGlobalSection
	GlobalSection(ExtensibilityGlobals) = postSolution
		SolutionGuid = {7D94A541-DCCE-4F40-BFD3-9C2484649D00}
	EndGlobalSection
EndGlobal
